
Microsoft Visual Studio Solution File, Format Version 12.00
# Visual Studio Version 16
VisualStudioVersion = 16.0.30517.126
MinimumVisualStudioVersion = 10.0.40219.1
Project("{FAE04EC0-301F-11D3-BF4B-00C04F79EFBC}") = "GitPratices_ConsoleApp", "GitPratices_ConsoleApp\GitPratices_ConsoleApp.csproj", "{AA40B9F0-FA0A-48BF-81D4-81D8A70CE6DF}"
EndProject
Global
	GlobalSection(SolutionConfigurationPlatforms) = preSolution
		Debug|Any CPU = Debug|Any CPU
		Release|Any CPU = Release|Any CPU
	EndGlobalSection
	GlobalSection(ProjectConfigurationPlatforms) = postSolution
		{AA40B9F0-FA0A-48BF-81D4-81D8A70CE6DF}.Debug|Any CPU.ActiveCfg = Debug|Any CPU
		{AA40B9F0-FA0A-48BF-81D4-81D8A70CE6DF}.Debug|Any CPU.Build.0 = Debug|Any CPU
		{AA40B9F0-FA0A-48BF-81D4-81D8A70CE6DF}.Release|Any CPU.ActiveCfg = Release|Any CPU
		{AA40B9F0-FA0A-48BF-81D4-81D8A70CE6DF}.Release|Any CPU.Build.0 = Release|Any CPU
	EndGlobalSection
	GlobalSection(SolutionProperties) = preSolution
		HideSolutionNode = FALSE
	EndGlobalSection
	GlobalSection(ExtensibilityGlobals) = postSolution
		SolutionGuid = {4A68B3CC-88F6-4F3D-B7EF-DF069AC21E6D}
	EndGlobalSection
EndGlobal
